# THIS IS AN AUTOGENERATED FILE. DO NOT EDIT THIS FILE DIRECTLY.
# yarn lockfile v1


react-webcam@^5.2.1:
  version "5.2.1"
  resolved "https://registry.yarnpkg.com/react-webcam/-/react-webcam-5.2.1.tgz#927f4542cdee1b21e1876e24feb9fd120655e2a3"
  integrity sha512-3Bz6V75Dy9Ecv6hvhlR8JVP123iiceM143B5P5cym1v7vSLrNzCEZSPJqFIN05hHiT7BwtCtqs5mNoILSUQTpw==
